// !$*UTF8*$!
{
	archiveVersion = 1;
	classes = {
	};
	objectVersion = 46;
	objects = {

/* Begin PBXBuildFile section */
		6EB160D418F309350032CF23 /* Foundation.framework in Frameworks */ = {isa = PBXBuildFile; fileRef = 6EB160D318F309350032CF23 /* Foundation.framework */; };
		6EB160D618F309350032CF23 /* CoreGraphics.framework in Frameworks */ = {isa = PBXBuildFile; fileRef = 6EB160D518F309350032CF23 /* CoreGraphics.framework */; };
		6EB160D818F309350032CF23 /* UIKit.framework in Frameworks */ = {isa = PBXBuildFile; fileRef = 6EB160D718F309350032CF23 /* UIKit.framework */; };
		6EB160DE18F309350032CF23 /* InfoPlist.strings in Resources */ = {isa = PBXBuildFile; fileRef = 6EB160DC18F309350032CF23 /* InfoPlist.strings */; };
		6EB160E018F309350032CF23 /* main.m in Sources */ = {isa = PBXBuildFile; fileRef = 6EB160DF18F309350032CF23 /* main.m */; };
		6EB160E418F309350032CF23 /* AppDelegate.m in Sources */ = {isa = PBXBuildFile; fileRef = 6EB160E318F309350032CF23 /* AppDelegate.m */; };
		6EB160E718F309350032CF23 /* Main.storyboard in Resources */ = {isa = PBXBuildFile; fileRef = 6EB160E518F309350032CF23 /* Main.storyboard */; };
		6EB160EA18F309350032CF23 /* ViewController.m in Sources */ = {isa = PBXBuildFile; fileRef = 6EB160E918F309350032CF23 /* ViewController.m */; };
		6EB160EC18F309350032CF23 /* Images.xcassets in Resources */ = {isa = PBXBuildFile; fileRef = 6EB160EB18F309350032CF23 /* Images.xcassets */; };
		6EB160F318F309350032CF23 /* XCTest.framework in Frameworks */ = {isa = PBXBuildFile; fileRef = 6EB160F218F309350032CF23 /* XCTest.framework */; };
		6EB160F418F309350032CF23 /* Foundation.framework in Frameworks */ = {isa = PBXBuildFile; fileRef = 6EB160D318F309350032CF23 /* Foundation.framework */; };
		6EB160F518F309350032CF23 /* UIKit.framework in Frameworks */ = {isa = PBXBuildFile; fileRef = 6EB160D718F309350032CF23 /* UIKit.framework */; };
		6EB160FD18F309350032CF23 /* InfoPlist.strings in Resources */ = {isa = PBXBuildFile; fileRef = 6EB160FB18F309350032CF23 /* InfoPlist.strings */; };
		6EB160FF18F309350032CF23 /* MyStuffTests.m in Sources */ = {isa = PBXBuildFile; fileRef = 6EB160FE18F309350032CF23 /* MyStuffTests.m */; };
		6EB1612618F5A6370032CF23 /* mystuffbyu.png in Resources */ = {isa = PBXBuildFile; fileRef = 6EB1612518F5A6370032CF23 /* mystuffbyu.png */; };
		6EB1612918F5A8990032CF23 /* RepairViewController.m in Sources */ = {isa = PBXBuildFile; fileRef = 6EB1612818F5A8990032CF23 /* RepairViewController.m */; };
		6EB1613218F5D6CB0032CF23 /* Icon-40.png in Resources */ = {isa = PBXBuildFile; fileRef = 6EB1612A18F5D6CB0032CF23 /* Icon-40.png */; };
		6EB1613318F5D6CB0032CF23 /* Icon-40@2x.png in Resources */ = {isa = PBXBuildFile; fileRef = 6EB1612B18F5D6CB0032CF23 /* Icon-40@2x.png */; };
		6EB1613418F5D6CB0032CF23 /* Icon-60.png in Resources */ = {isa = PBXBuildFile; fileRef = 6EB1612C18F5D6CB0032CF23 /* Icon-60.png */; };
		6EB1613518F5D6CB0032CF23 /* Icon-60@2x.png in Resources */ = {isa = PBXBuildFile; fileRef = 6EB1612D18F5D6CB0032CF23 /* Icon-60@2x.png */; };
		6EB1613618F5D6CB0032CF23 /* Icon-76.png in Resources */ = {isa = PBXBuildFile; fileRef = 6EB1612E18F5D6CB0032CF23 /* Icon-76.png */; };
		6EB1613718F5D6CB0032CF23 /* Icon-76@2x.png in Resources */ = {isa = PBXBuildFile; fileRef = 6EB1612F18F5D6CB0032CF23 /* Icon-76@2x.png */; };
		6EB1613818F5D6CB0032CF23 /* Icon-Small.png in Resources */ = {isa = PBXBuildFile; fileRef = 6EB1613018F5D6CB0032CF23 /* Icon-Small.png */; };
		6EB1613918F5D6CB0032CF23 /* Icon-Small@2x.png in Resources */ = {isa = PBXBuildFile; fileRef = 6EB1613118F5D6CB0032CF23 /* Icon-Small@2x.png */; };
		6EDB72E818F714A2005C90BE /* MapViewController.m in Sources */ = {isa = PBXBuildFile; fileRef = 6EDB72E718F714A2005C90BE /* MapViewController.m */; };
		6EDB72EB18F71CBD005C90BE /* MyAnnotation.m in Sources */ = {isa = PBXBuildFile; fileRef = 6EDB72EA18F71CBD005C90BE /* MyAnnotation.m */; };
		6EDB72ED18F75EDC005C90BE /* whiteButton.png in Resources */ = {isa = PBXBuildFile; fileRef = 6EDB72EC18F75EDC005C90BE /* whiteButton.png */; };
		6EDC29E318F768490092DA09 /* iphonebanner.png in Resources */ = {isa = PBXBuildFile; fileRef = 6EDC29E218F768490092DA09 /* iphonebanner.png */; };
		6EF4932F18F616A3007A3185 /* InventoryTableTableViewController.m in Sources */ = {isa = PBXBuildFile; fileRef = 6EF4932E18F616A3007A3185 /* InventoryTableTableViewController.m */; };
		6EF4933218F61709007A3185 /* InventoryTableViewCell.m in Sources */ = {isa = PBXBuildFile; fileRef = 6EF4933118F61709007A3185 /* InventoryTableViewCell.m */; };
/* End PBXBuildFile section */

/* Begin PBXContainerItemProxy section */
		6EB160F618F309350032CF23 /* PBXContainerItemProxy */ = {
			isa = PBXContainerItemProxy;
			containerPortal = 6EB160C818F309350032CF23 /* Project object */;
			proxyType = 1;
			remoteGlobalIDString = 6EB160CF18F309350032CF23;
			remoteInfo = MyStuff;
		};
/* End PBXContainerItemProxy section */

/* Begin PBXFileReference section */
		6EB160D018F309350032CF23 /* MyStuff.app */ = {isa = PBXFileReference; explicitFileType = wrapper.application; includeInIndex = 0; path = MyStuff.app; sourceTree = BUILT_PRODUCTS_DIR; };
		6EB160D318F309350032CF23 /* Foundation.framework */ = {isa = PBXFileReference; lastKnownFileType = wrapper.framework; name = Foundation.framework; path = System/Library/Frameworks/Foundation.framework; sourceTree = SDKROOT; };
		6EB160D518F309350032CF23 /* CoreGraphics.framework */ = {isa = PBXFileReference; lastKnownFileType = wrapper.framework; name = CoreGraphics.framework; path = System/Library/Frameworks/CoreGraphics.framework; sourceTree = SDKROOT; };
		6EB160D718F309350032CF23 /* UIKit.framework */ = {isa = PBXFileReference; lastKnownFileType = wrapper.framework; name = UIKit.framework; path = System/Library/Frameworks/UIKit.framework; sourceTree = SDKROOT; };
		6EB160DB18F309350032CF23 /* MyStuff-Info.plist */ = {isa = PBXFileReference; lastKnownFileType = text.plist.xml; path = "MyStuff-Info.plist"; sourceTree = "<group>"; };
		6EB160DD18F309350032CF23 /* en */ = {isa = PBXFileReference; lastKnownFileType = text.plist.strings; name = en; path = en.lproj/InfoPlist.strings; sourceTree = "<group>"; };
		6EB160DF18F309350032CF23 /* main.m */ = {isa = PBXFileReference; lastKnownFileType = sourcecode.c.objc; path = main.m; sourceTree = "<group>"; };
		6EB160E118F309350032CF23 /* MyStuff-Prefix.pch */ = {isa = PBXFileReference; lastKnownFileType = sourcecode.c.h; path = "MyStuff-Prefix.pch"; sourceTree = "<group>"; };
		6EB160E218F309350032CF23 /* AppDelegate.h */ = {isa = PBXFileReference; lastKnownFileType = sourcecode.c.h; path = AppDelegate.h; sourceTree = "<group>"; };
		6EB160E318F309350032CF23 /* AppDelegate.m */ = {isa = PBXFileReference; lastKnownFileType = sourcecode.c.objc; path = AppDelegate.m; sourceTree = "<group>"; };
		6EB160E618F309350032CF23 /* Base */ = {isa = PBXFileReference; lastKnownFileType = file.storyboard; name = Base; path = Base.lproj/Main.storyboard; sourceTree = "<group>"; };
		6EB160E818F309350032CF23 /* ViewController.h */ = {isa = PBXFileReference; lastKnownFileType = sourcecode.c.h; path = ViewController.h; sourceTree = "<group>"; };
		6EB160E918F309350032CF23 /* ViewController.m */ = {isa = PBXFileReference; lastKnownFileType = sourcecode.c.objc; path = ViewController.m; sourceTree = "<group>"; };
		6EB160EB18F309350032CF23 /* Images.xcassets */ = {isa = PBXFileReference; lastKnownFileType = folder.assetcatalog; path = Images.xcassets; sourceTree = "<group>"; };
		6EB160F118F309350032CF23 /* MyStuffTests.xctest */ = {isa = PBXFileReference; explicitFileType = wrapper.cfbundle; includeInIndex = 0; path = MyStuffTests.xctest; sourceTree = BUILT_PRODUCTS_DIR; };
		6EB160F218F309350032CF23 /* XCTest.framework */ = {isa = PBXFileReference; lastKnownFileType = wrapper.framework; name = XCTest.framework; path = Library/Frameworks/XCTest.framework; sourceTree = DEVELOPER_DIR; };
		6EB160FA18F309350032CF23 /* MyStuffTests-Info.plist */ = {isa = PBXFileReference; lastKnownFileType = text.plist.xml; path = "MyStuffTests-Info.plist"; sourceTree = "<group>"; };
		6EB160FC18F309350032CF23 /* en */ = {isa = PBXFileReference; lastKnownFileType = text.plist.strings; name = en; path = en.lproj/InfoPlist.strings; sourceTree = "<group>"; };
		6EB160FE18F309350032CF23 /* MyStuffTests.m */ = {isa = PBXFileReference; lastKnownFileType = sourcecode.c.objc; path = MyStuffTests.m; sourceTree = "<group>"; };
		6EB1612518F5A6370032CF23 /* mystuffbyu.png */ = {isa = PBXFileReference; lastKnownFileType = image.png; name = mystuffbyu.png; path = ../../../Downloads/mystuffbyu.png; sourceTree = "<group>"; };
		6EB1612718F5A8990032CF23 /* RepairViewController.h */ = {isa = PBXFileReference; fileEncoding = 4; lastKnownFileType = sourcecode.c.h; path = RepairViewController.h; sourceTree = "<group>"; };
		6EB1612818F5A8990032CF23 /* RepairViewController.m */ = {isa = PBXFileReference; fileEncoding = 4; lastKnownFileType = sourcecode.c.objc; path = RepairViewController.m; sourceTree = "<group>"; };
		6EB1612A18F5D6CB0032CF23 /* Icon-40.png */ = {isa = PBXFileReference; lastKnownFileType = image.png; name = "Icon-40.png"; path = "../../../Downloads/App Icon/Icon-40.png"; sourceTree = "<group>"; };
		6EB1612B18F5D6CB0032CF23 /* Icon-40@2x.png */ = {isa = PBXFileReference; lastKnownFileType = image.png; name = "Icon-40@2x.png"; path = "../../../Downloads/App Icon/Icon-40@2x.png"; sourceTree = "<group>"; };
		6EB1612C18F5D6CB0032CF23 /* Icon-60.png */ = {isa = PBXFileReference; lastKnownFileType = image.png; name = "Icon-60.png"; path = "../../../Downloads/App Icon/Icon-60.png"; sourceTree = "<group>"; };
		6EB1612D18F5D6CB0032CF23 /* Icon-60@2x.png */ = {isa = PBXFileReference; lastKnownFileType = image.png; name = "Icon-60@2x.png"; path = "../../../Downloads/App Icon/Icon-60@2x.png"; sourceTree = "<group>"; };
		6EB1612E18F5D6CB0032CF23 /* Icon-76.png */ = {isa = PBXFileReference; lastKnownFileType = image.png; name = "Icon-76.png"; path = "../../../Downloads/App Icon/Icon-76.png"; sourceTree = "<group>"; };
		6EB1612F18F5D6CB0032CF23 /* Icon-76@2x.png */ = {isa = PBXFileReference; lastKnownFileType = image.png; name = "Icon-76@2x.png"; path = "../../../Downloads/App Icon/Icon-76@2x.png"; sourceTree = "<group>"; };
		6EB1613018F5D6CB0032CF23 /* Icon-Small.png */ = {isa = PBXFileReference; lastKnownFileType = image.png; name = "Icon-Small.png"; path = "../../../Downloads/App Icon/Icon-Small.png"; sourceTree = "<group>"; };
		6EB1613118F5D6CB0032CF23 /* Icon-Small@2x.png */ = {isa = PBXFileReference; lastKnownFileType = image.png; name = "Icon-Small@2x.png"; path = "../../../Downloads/App Icon/Icon-Small@2x.png"; sourceTree = "<group>"; };
		6EDB72E618F714A2005C90BE /* MapViewController.h */ = {isa = PBXFileReference; fileEncoding = 4; lastKnownFileType = sourcecode.c.h; path = MapViewController.h; sourceTree = "<group>"; };
		6EDB72E718F714A2005C90BE /* MapViewController.m */ = {isa = PBXFileReference; fileEncoding = 4; lastKnownFileType = sourcecode.c.objc; path = MapViewController.m; sourceTree = "<group>"; };
		6EDB72E918F71CBD005C90BE /* MyAnnotation.h */ = {isa = PBXFileReference; fileEncoding = 4; lastKnownFileType = sourcecode.c.h; path = MyAnnotation.h; sourceTree = "<group>"; };
		6EDB72EA18F71CBD005C90BE /* MyAnnotation.m */ = {isa = PBXFileReference; fileEncoding = 4; lastKnownFileType = sourcecode.c.objc; path = MyAnnotation.m; sourceTree = "<group>"; };
		6EDB72EC18F75EDC005C90BE /* whiteButton.png */ = {isa = PBXFileReference; lastKnownFileType = image.png; name = whiteButton.png; path = "../../../Downloads/iOS Buttons/buttons/whiteButton.png"; sourceTree = "<group>"; };
		6EDC29E218F768490092DA09 /* iphonebanner.png */ = {isa = PBXFileReference; lastKnownFileType = image.png; name = iphonebanner.png; path = ../../../Downloads/iphonebanner.png; sourceTree = "<group>"; };
		6EF4932D18F616A3007A3185 /* InventoryTableTableViewController.h */ = {isa = PBXFileReference; fileEncoding = 4; lastKnownFileType = sourcecode.c.h; path = InventoryTableTableViewController.h; sourceTree = "<group>"; };
		6EF4932E18F616A3007A3185 /* InventoryTableTableViewController.m */ = {isa = PBXFileReference; fileEncoding = 4; lastKnownFileType = sourcecode.c.objc; path = InventoryTableTableViewController.m; sourceTree = "<group>"; };
		6EF4933018F61709007A3185 /* InventoryTableViewCell.h */ = {isa = PBXFileReference; fileEncoding = 4; lastKnownFileType = sourcecode.c.h; path = InventoryTableViewCell.h; sourceTree = "<group>"; };
		6EF4933118F61709007A3185 /* InventoryTableViewCell.m */ = {isa = PBXFileReference; fileEncoding = 4; lastKnownFileType = sourcecode.c.objc; path = InventoryTableViewCell.m; sourceTree = "<group>"; };
/* End PBXFileReference section */

/* Begin PBXFrameworksBuildPhase section */
		6EB160CD18F309350032CF23 /* Frameworks */ = {
			isa = PBXFrameworksBuildPhase;
			buildActionMask = 2147483647;
			files = (
				6EB160D618F309350032CF23 /* CoreGraphics.framework in Frameworks */,
				6EB160D818F309350032CF23 /* UIKit.framework in Frameworks */,
				6EB160D418F309350032CF23 /* Foundation.framework in Frameworks */,
			);
			runOnlyForDeploymentPostprocessing = 0;
		};
		6EB160EE18F309350032CF23 /* Frameworks */ = {
			isa = PBXFrameworksBuildPhase;
			buildActionMask = 2147483647;
			files = (
				6EB160F318F309350032CF23 /* XCTest.framework in Frameworks */,
				6EB160F518F309350032CF23 /* UIKit.framework in Frameworks */,
				6EB160F418F309350032CF23 /* Foundation.framework in Frameworks */,
			);
			runOnlyForDeploymentPostprocessing = 0;
		};
/* End PBXFrameworksBuildPhase section */

/* Begin PBXGroup section */
		6EB160C718F309350032CF23 = {
			isa = PBXGroup;
			children = (
				6EB160D918F309350032CF23 /* MyStuff */,
				6EB160F818F309350032CF23 /* MyStuffTests */,
				6EB160D218F309350032CF23 /* Frameworks */,
				6EB160D118F309350032CF23 /* Products */,
			);
			sourceTree = "<group>";
		};
		6EB160D118F309350032CF23 /* Products */ = {
			isa = PBXGroup;
			children = (
				6EB160D018F309350032CF23 /* MyStuff.app */,
				6EB160F118F309350032CF23 /* MyStuffTests.xctest */,
			);
			name = Products;
			sourceTree = "<group>";
		};
		6EB160D218F309350032CF23 /* Frameworks */ = {
			isa = PBXGroup;
			children = (
				6EB160D318F309350032CF23 /* Foundation.framework */,
				6EB160D518F309350032CF23 /* CoreGraphics.framework */,
				6EB160D718F309350032CF23 /* UIKit.framework */,
				6EB160F218F309350032CF23 /* XCTest.framework */,
			);
			name = Frameworks;
			sourceTree = "<group>";
		};
		6EB160D918F309350032CF23 /* MyStuff */ = {
			isa = PBXGroup;
			children = (
				6EB160E218F309350032CF23 /* AppDelegate.h */,
				6EB160E318F309350032CF23 /* AppDelegate.m */,
				6EB160E518F309350032CF23 /* Main.storyboard */,
				6EDB72E618F714A2005C90BE /* MapViewController.h */,
				6EDB72E718F714A2005C90BE /* MapViewController.m */,
				6EDB72E918F71CBD005C90BE /* MyAnnotation.h */,
				6EDB72EA18F71CBD005C90BE /* MyAnnotation.m */,
				6EF4933018F61709007A3185 /* InventoryTableViewCell.h */,
				6EF4933118F61709007A3185 /* InventoryTableViewCell.m */,
				6EF4932D18F616A3007A3185 /* InventoryTableTableViewController.h */,
				6EF4932E18F616A3007A3185 /* InventoryTableTableViewController.m */,
				6EB160E818F309350032CF23 /* ViewController.h */,
				6EB160E918F309350032CF23 /* ViewController.m */,
				6EB1612718F5A8990032CF23 /* RepairViewController.h */,
				6EB1612818F5A8990032CF23 /* RepairViewController.m */,
				6EB160EB18F309350032CF23 /* Images.xcassets */,
				6EB160DA18F309350032CF23 /* Supporting Files */,
			);
			path = MyStuff;
			sourceTree = "<group>";
		};
		6EB160DA18F309350032CF23 /* Supporting Files */ = {
			isa = PBXGroup;
			children = (
				6EDC29E218F768490092DA09 /* iphonebanner.png */,
				6EDB72EC18F75EDC005C90BE /* whiteButton.png */,
				6EB1612A18F5D6CB0032CF23 /* Icon-40.png */,
				6EB1612B18F5D6CB0032CF23 /* Icon-40@2x.png */,
				6EB1612C18F5D6CB0032CF23 /* Icon-60.png */,
				6EB1612D18F5D6CB0032CF23 /* Icon-60@2x.png */,
				6EB1612E18F5D6CB0032CF23 /* Icon-76.png */,
				6EB1612F18F5D6CB0032CF23 /* Icon-76@2x.png */,
				6EB1613018F5D6CB0032CF23 /* Icon-Small.png */,
				6EB1613118F5D6CB0032CF23 /* Icon-Small@2x.png */,
				6EB1612518F5A6370032CF23 /* mystuffbyu.png */,
				6EB160DB18F309350032CF23 /* MyStuff-Info.plist */,
				6EB160DC18F309350032CF23 /* InfoPlist.strings */,
				6EB160DF18F309350032CF23 /* main.m */,
				6EB160E118F309350032CF23 /* MyStuff-Prefix.pch */,
			);
			name = "Supporting Files";
			sourceTree = "<group>";
		};
		6EB160F818F309350032CF23 /* MyStuffTests */ = {
			isa = PBXGroup;
			children = (
				6EB160FE18F309350032CF23 /* MyStuffTests.m */,
				6EB160F918F309350032CF23 /* Supporting Files */,
			);
			path = MyStuffTests;
			sourceTree = "<group>";
		};
		6EB160F918F309350032CF23 /* Supporting Files */ = {
			isa = PBXGroup;
			children = (
				6EB160FA18F309350032CF23 /* MyStuffTests-Info.plist */,
				6EB160FB18F309350032CF23 /* InfoPlist.strings */,
			);
			name = "Supporting Files";
			sourceTree = "<group>";
		};
/* End PBXGroup section */

/* Begin PBXNativeTarget section */
		6EB160CF18F309350032CF23 /* MyStuff */ = {
			isa = PBXNativeTarget;
			buildConfigurationList = 6EB1610218F309350032CF23 /* Build configuration list for PBXNativeTarget "MyStuff" */;
			buildPhases = (
				6EB160CC18F309350032CF23 /* Sources */,
				6EB160CD18F309350032CF23 /* Frameworks */,
				6EB160CE18F309350032CF23 /* Resources */,
			);
			buildRules = (
			);
			dependencies = (
			);
			name = MyStuff;
			productName = MyStuff;
			productReference = 6EB160D018F309350032CF23 /* MyStuff.app */;
			productType = "com.apple.product-type.application";
		};
		6EB160F018F309350032CF23 /* MyStuffTests */ = {
			isa = PBXNativeTarget;
			buildConfigurationList = 6EB1610518F309350032CF23 /* Build configuration list for PBXNativeTarget "MyStuffTests" */;
			buildPhases = (
				6EB160ED18F309350032CF23 /* Sources */,
				6EB160EE18F309350032CF23 /* Frameworks */,
				6EB160EF18F309350032CF23 /* Resources */,
			);
			buildRules = (
			);
			dependencies = (
				6EB160F718F309350032CF23 /* PBXTargetDependency */,
			);
			name = MyStuffTests;
			productName = MyStuffTests;
			productReference = 6EB160F118F309350032CF23 /* MyStuffTests.xctest */;
			productType = "com.apple.product-type.bundle.unit-test";
		};
/* End PBXNativeTarget section */

/* Begin PBXProject section */
		6EB160C818F309350032CF23 /* Project object */ = {
			isa = PBXProject;
			attributes = {
				LastUpgradeCheck = 0510;
				ORGANIZATIONNAME = "Brayden Adams";
				TargetAttributes = {
					6EB160F018F309350032CF23 = {
						TestTargetID = 6EB160CF18F309350032CF23;
					};
				};
			};
			buildConfigurationList = 6EB160CB18F309350032CF23 /* Build configuration list for PBXProject "MyStuff" */;
			compatibilityVersion = "Xcode 3.2";
			developmentRegion = English;
			hasScannedForEncodings = 0;
			knownRegions = (
				en,
				Base,
			);
			mainGroup = 6EB160C718F309350032CF23;
			productRefGroup = 6EB160D118F309350032CF23 /* Products */;
			projectDirPath = "";
			projectRoot = "";
			targets = (
				6EB160CF18F309350032CF23 /* MyStuff */,
				6EB160F018F309350032CF23 /* MyStuffTests */,
			);
		};
/* End PBXProject section */

/* Begin PBXResourcesBuildPhase section */
		6EB160CE18F309350032CF23 /* Resources */ = {
			isa = PBXResourcesBuildPhase;
			buildActionMask = 2147483647;
			files = (
				6EB160EC18F309350032CF23 /* Images.xcassets in Resources */,
				6EB1613818F5D6CB0032CF23 /* Icon-Small.png in Resources */,
				6EB160DE18F309350032CF23 /* InfoPlist.strings in Resources */,
				6EB160E718F309350032CF23 /* Main.storyboard in Resources */,
				6EB1613318F5D6CB0032CF23 /* Icon-40@2x.png in Resources */,
				6EB1612618F5A6370032CF23 /* mystuffbyu.png in Resources */,
				6EB1613418F5D6CB0032CF23 /* Icon-60.png in Resources */,
				6EB1613218F5D6CB0032CF23 /* Icon-40.png in Resources */,
				6EDC29E318F768490092DA09 /* iphonebanner.png in Resources */,
				6EB1613518F5D6CB0032CF23 /* Icon-60@2x.png in Resources */,
				6EB1613918F5D6CB0032CF23 /* Icon-Small@2x.png in Resources */,
				6EDB72ED18F75EDC005C90BE /* whiteButton.png in Resources */,
				6EB1613718F5D6CB0032CF23 /* Icon-76@2x.png in Resources */,
				6EB1613618F5D6CB0032CF23 /* Icon-76.png in Resources */,
			);
			runOnlyForDeploymentPostprocessing = 0;
		};
		6EB160EF18F309350032CF23 /* Resources */ = {
			isa = PBXResourcesBuildPhase;
			buildActionMask = 2147483647;
			files = (
				6EB160FD18F309350032CF23 /* InfoPlist.strings in Resources */,
			);
			runOnlyForDeploymentPostprocessing = 0;
		};
/* End PBXResourcesBuildPhase section */

/* Begin PBXSourcesBuildPhase section */
		6EB160CC18F309350032CF23 /* Sources */ = {
			isa = PBXSourcesBuildPhase;
			buildActionMask = 2147483647;
			files = (
				6EF4932F18F616A3007A3185 /* InventoryTableTableViewController.m in Sources */,
				6EB160EA18F309350032CF23 /* ViewController.m in Sources */,
				6EDB72EB18F71CBD005C90BE /* MyAnnotation.m in Sources */,
				6EB160E418F309350032CF23 /* AppDelegate.m in Sources */,
				6EB160E018F309350032CF23 /* main.m in Sources */,
				6EF4933218F61709007A3185 /* InventoryTableViewCell.m in Sources */,
				6EB1612918F5A8990032CF23 /* RepairViewController.m in Sources */,
				6EDB72E818F714A2005C90BE /* MapViewController.m in Sources */,
			);
			runOnlyForDeploymentPostprocessing = 0;
		};
		6EB160ED18F309350032CF23 /* Sources */ = {
			isa = PBXSourcesBuildPhase;
			buildActionMask = 2147483647;
			files = (
				6EB160FF18F309350032CF23 /* MyStuffTests.m in Sources */,
			);
			runOnlyForDeploymentPostprocessing = 0;
		};
/* End PBXSourcesBuildPhase section */

/* Begin PBXTargetDependency section */
		6EB160F718F309350032CF23 /* PBXTargetDependency */ = {
			isa = PBXTargetDependency;
			target = 6EB160CF18F309350032CF23 /* MyStuff */;
			targetProxy = 6EB160F618F309350032CF23 /* PBXContainerItemProxy */;
		};
/* End PBXTargetDependency section */

/* Begin PBXVariantGroup section */
		6EB160DC18F309350032CF23 /* InfoPlist.strings */ = {
			isa = PBXVariantGroup;
			children = (
				6EB160DD18F309350032CF23 /* en */,
			);
			name = InfoPlist.strings;
			sourceTree = "<group>";
		};
		6EB160E518F309350032CF23 /* Main.storyboard */ = {
			isa = PBXVariantGroup;
			children = (
				6EB160E618F309350032CF23 /* Base */,
			);
			name = Main.storyboard;
			sourceTree = "<group>";
		};
		6EB160FB18F309350032CF23 /* InfoPlist.strings */ = {
			isa = PBXVariantGroup;
			children = (
				6EB160FC18F309350032CF23 /* en */,
			);
			name = InfoPlist.strings;
			sourceTree = "<group>";
		};
/* End PBXVariantGroup section */

/* Begin XCBuildConfiguration section */
		6EB1610018F309350032CF23 /* Debug */ = {
			isa = XCBuildConfiguration;
			buildSettings = {
				ALWAYS_SEARCH_USER_PATHS = NO;
				CLANG_CXX_LANGUAGE_STANDARD = "gnu++0x";
				CLANG_CXX_LIBRARY = "libc++";
				CLANG_ENABLE_MODULES = YES;
				CLANG_ENABLE_OBJC_ARC = YES;
				CLANG_WARN_BOOL_CONVERSION = YES;
				CLANG_WARN_CONSTANT_CONVERSION = YES;
				CLANG_WARN_DIRECT_OBJC_ISA_USAGE = YES_ERROR;
				CLANG_WARN_EMPTY_BODY = YES;
				CLANG_WARN_ENUM_CONVERSION = YES;
				CLANG_WARN_INT_CONVERSION = YES;
				CLANG_WARN_OBJC_ROOT_CLASS = YES_ERROR;
				CLANG_WARN__DUPLICATE_METHOD_MATCH = YES;
				"CODE_SIGN_IDENTITY[sdk=iphoneos*]" = "iPhone Developer";
				COPY_PHASE_STRIP = NO;
				GCC_C_LANGUAGE_STANDARD = gnu99;
				GCC_DYNAMIC_NO_PIC = NO;
				GCC_OPTIMIZATION_LEVEL = 0;
				GCC_PREPROCESSOR_DEFINITIONS = (
					"DEBUG=1",
					"$(inherited)",
				);
				GCC_SYMBOLS_PRIVATE_EXTERN = NO;
				GCC_WARN_64_TO_32_BIT_CONVERSION = YES;
				GCC_WARN_ABOUT_RETURN_TYPE = YES_ERROR;
				GCC_WARN_UNDECLARED_SELECTOR = YES;
				GCC_WARN_UNINITIALIZED_AUTOS = YES_AGGRESSIVE;
				GCC_WARN_UNUSED_FUNCTION = YES;
				GCC_WARN_UNUSED_VARIABLE = YES;
				IPHONEOS_DEPLOYMENT_TARGET = 7.1;
				ONLY_ACTIVE_ARCH = YES;
				SDKROOT = iphoneos;
			};
			name = Debug;
		};
		6EB1610118F309350032CF23 /* Release */ = {
			isa = XCBuildConfiguration;
			buildSettings = {
				ALWAYS_SEARCH_USER_PATHS = NO;
				CLANG_CXX_LANGUAGE_STANDARD = "gnu++0x";
				CLANG_CXX_LIBRARY = "libc++";
				CLANG_ENABLE_MODULES = YES;
				CLANG_ENABLE_OBJC_ARC = YES;
				CLANG_WARN_BOOL_CONVERSION = YES;
				CLANG_WARN_CONSTANT_CONVERSION = YES;
				CLANG_WARN_DIRECT_OBJC_ISA_USAGE = YES_ERROR;
				CLANG_WARN_EMPTY_BODY = YES;
				CLANG_WARN_ENUM_CONVERSION = YES;
				CLANG_WARN_INT_CONVERSION = YES;
				CLANG_WARN_OBJC_ROOT_CLASS = YES_ERROR;
				CLANG_WARN__DUPLICATE_METHOD_MATCH = YES;
				"CODE_SIGN_IDENTITY[sdk=iphoneos*]" = "iPhone Developer";
				COPY_PHASE_STRIP = YES;
				ENABLE_NS_ASSERTIONS = NO;
				GCC_C_LANGUAGE_STANDARD = gnu99;
				GCC_WARN_64_TO_32_BIT_CONVERSION = YES;
				GCC_WARN_ABOUT_RETURN_TYPE = YES_ERROR;
				GCC_WARN_UNDECLARED_SELECTOR = YES;
				GCC_WARN_UNINITIALIZED_AUTOS = YES_AGGRESSIVE;
				GCC_WARN_UNUSED_FUNCTION = YES;
				GCC_WARN_UNUSED_VARIABLE = YES;
				IPHONEOS_DEPLOYMENT_TARGET = 7.1;
				SDKROOT = iphoneos;
				VALIDATE_PRODUCT = YES;
			};
			name = Release;
		};
		6EB1610318F309350032CF23 /* Debug */ = {
			isa = XCBuildConfiguration;
			buildSettings = {
				ASSETCATALOG_COMPILER_APPICON_NAME = AppIcon;
				ASSETCATALOG_COMPILER_LAUNCHIMAGE_NAME = LaunchImage;
				GCC_PRECOMPILE_PREFIX_HEADER = YES;
				GCC_PREFIX_HEADER = "MyStuff/MyStuff-Prefix.pch";
				INFOPLIST_FILE = "MyStuff/MyStuff-Info.plist";
				PRODUCT_NAME = "$(TARGET_NAME)";
				WRAPPER_EXTENSION = app;
			};
			name = Debug;
		};
		6EB1610418F309350032CF23 /* Release */ = {
			isa = XCBuildConfiguration;
			buildSettings = {
				ASSETCATALOG_COMPILER_APPICON_NAME = AppIcon;
				ASSETCATALOG_COMPILER_LAUNCHIMAGE_NAME = LaunchImage;
				GCC_PRECOMPILE_PREFIX_HEADER = YES;
				GCC_PREFIX_HEADER = "MyStuff/MyStuff-Prefix.pch";
				INFOPLIST_FILE = "MyStuff/MyStuff-Info.plist";
				PRODUCT_NAME = "$(TARGET_NAME)";
				WRAPPER_EXTENSION = app;
			};
			name = Release;
		};
		6EB1610618F309350032CF23 /* Debug */ = {
			isa = XCBuildConfiguration;
			buildSettings = {
				BUNDLE_LOADER = "$(BUILT_PRODUCTS_DIR)/MyStuff.app/MyStuff";
				FRAMEWORK_SEARCH_PATHS = (
					"$(SDKROOT)/Developer/Library/Frameworks",
					"$(inherited)",
					"$(DEVELOPER_FRAMEWORKS_DIR)",
				);
				GCC_PRECOMPILE_PREFIX_HEADER = YES;
				GCC_PREFIX_HEADER = "MyStuff/MyStuff-Prefix.pch";
				GCC_PREPROCESSOR_DEFINITIONS = (
					"DEBUG=1",
					"$(inherited)",
				);
				INFOPLIST_FILE = "MyStuffTests/MyStuffTests-Info.plist";
				PRODUCT_NAME = "$(TARGET_NAME)";
				TEST_HOST = "$(BUNDLE_LOADER)";
				WRAPPER_EXTENSION = xctest;
			};
			name = Debug;
		};
		6EB1610718F309350032CF23 /* Release */ = {
			isa = XCBuildConfiguration;
			buildSettings = {
				BUNDLE_LOADER = "$(BUILT_PRODUCTS_DIR)/MyStuff.app/MyStuff";
				FRAMEWORK_SEARCH_PATHS = (
					"$(SDKROOT)/Developer/Library/Frameworks",
					"$(inherited)",
					"$(DEVELOPER_FRAMEWORKS_DIR)",
				);
				GCC_PRECOMPILE_PREFIX_HEADER = YES;
				GCC_PREFIX_HEADER = "MyStuff/MyStuff-Prefix.pch";
				INFOPLIST_FILE = "MyStuffTests/MyStuffTests-Info.plist";
				PRODUCT_NAME = "$(TARGET_NAME)";
				TEST_HOST = "$(BUNDLE_LOADER)";
				WRAPPER_EXTENSION = xctest;
			};
			name = Release;
		};
/* End XCBuildConfiguration section */

/* Begin XCConfigurationList section */
		6EB160CB18F309350032CF23 /* Build configuration list for PBXProject "MyStuff" */ = {
			isa = XCConfigurationList;
			buildConfigurations = (
				6EB1610018F309350032CF23 /* Debug */,
				6EB1610118F309350032CF23 /* Release */,
			);
			defaultConfigurationIsVisible = 0;
			defaultConfigurationName = Release;
		};
		6EB1610218F309350032CF23 /* Build configuration list for PBXNativeTarget "MyStuff" */ = {
			isa = XCConfigurationList;
			buildConfigurations = (
				6EB1610318F309350032CF23 /* Debug */,
				6EB1610418F309350032CF23 /* Release */,
			);
			defaultConfigurationIsVisible = 0;
			defaultConfigurationName = Release;
		};
		6EB1610518F309350032CF23 /* Build configuration list for PBXNativeTarget "MyStuffTests" */ = {
			isa = XCConfigurationList;
			buildConfigurations = (
				6EB1610618F309350032CF23 /* Debug */,
				6EB1610718F309350032CF23 /* Release */,
			);
			defaultConfigurationIsVisible = 0;
			defaultConfigurationName = Release;
		};
/* End XCConfigurationList section */
	};
	rootObject = 6EB160C818F309350032CF23 /* Project object */;
}
